
Microsoft Visual Studio Solution File, Format Version 12.00
# Visual Studio Version 17
VisualStudioVersion = 17.10.35004.147
MinimumVisualStudioVersion = 10.0.40219.1
Project("{FAE04EC0-301F-11D3-BF4B-00C04F79EFBC}") = "calltagging01", "calltagging01\calltagging01.csproj", "{BB30584F-FB96-4F8B-BB2D-F288979F2C35}"
EndProject
Global
	GlobalSection(SolutionConfigurationPlatforms) = preSolution
		Debug|Any CPU = Debug|Any CPU
		Release|Any CPU = Release|Any CPU
	EndGlobalSection
	GlobalSection(ProjectConfigurationPlatforms) = postSolution
		{BB30584F-FB96-4F8B-BB2D-F288979F2C35}.Debug|Any CPU.ActiveCfg = Debug|Any CPU
		{BB30584F-FB96-4F8B-BB2D-F288979F2C35}.Debug|Any CPU.Build.0 = Debug|Any CPU
		{BB30584F-FB96-4F8B-BB2D-F288979F2C35}.Release|Any CPU.ActiveCfg = Release|Any CPU
		{BB30584F-FB96-4F8B-BB2D-F288979F2C35}.Release|Any CPU.Build.0 = Release|Any CPU
	EndGlobalSection
	GlobalSection(SolutionProperties) = preSolution
		HideSolutionNode = FALSE
	EndGlobalSection
	GlobalSection(ExtensibilityGlobals) = postSolution
		SolutionGuid = {2F0080F8-D2D4-4807-8C86-65CE6898410B}
	EndGlobalSection
EndGlobal
